
Microsoft Visual Studio Solution File, Format Version 12.00
# Visual Studio 15
VisualStudioVersion = 15.0.26730.8
MinimumVisualStudioVersion = 10.0.40219.1
Project("{FAE04EC0-301F-11D3-BF4B-00C04F79EFBC}") = "Jkcs.Contacts.Client", "Jkcs.Contacts.Client\Jkcs.Contacts.Client.csproj", "{1195C1E7-BA1B-4A48-A644-B29191DD3E7A}"
EndProject
Project("{FAE04EC0-301F-11D3-BF4B-00C04F79EFBC}") = "Jkcs.Contacts.Entities", "Jkcs.Contacts.Entities\Jkcs.Contacts.Entities.csproj", "{A24DAC5A-038C-4515-BAB5-DE8BF8AFDC6F}"
EndProject
Project("{FAE04EC0-301F-11D3-BF4B-00C04F79EFBC}") = "Jkcs.Contacts.Data", "Jkcs.Contacts.Data\Jkcs.Contacts.Data.csproj", "{349F6545-5478-47DA-A6D1-873153E4A929}"
EndProject
Project("{FAE04EC0-301F-11D3-BF4B-00C04F79EFBC}") = "Jkcs.Contacts.Domain", "Jkcs.Contacts.Domain\Jkcs.Contacts.Domain.csproj", "{229A7FEE-C117-4D43-AB24-410B11D0D878}"
EndProject
Project("{FAE04EC0-301F-11D3-BF4B-00C04F79EFBC}") = "Jkcs.Contacts.Domain.Contracts", "Jkcs.Contacts.Domain.Contracts\Jkcs.Contacts.Domain.Contracts.csproj", "{6B141178-5FE9-43CD-870C-457C3A9925F9}"
EndProject
Project("{FAE04EC0-301F-11D3-BF4B-00C04F79EFBC}") = "Jkcs.Contacts.Api", "Jkcs.Contacts.Api\Jkcs.Contacts.Api.csproj", "{5F0D051C-45A4-4D9B-8564-74C7CEC1D550}"
EndProject
Project("{FAE04EC0-301F-11D3-BF4B-00C04F79EFBC}") = "Jkcs.Contacts.Data.Contracts", "Jkcs.Contacts.Data.Contracts\Jkcs.Contacts.Data.Contracts.csproj", "{75CF2247-A6C3-4CC5-846B-144B3A5D7BBB}"
EndProject
Project("{FAE04EC0-301F-11D3-BF4B-00C04F79EFBC}") = "Jkcs.Contacts.Common", "Jkcs.Contacts.Common\Jkcs.Contacts.Common.csproj", "{70B52B28-385A-4917-9565-304BBADA809E}"
EndProject
Global
	GlobalSection(SolutionConfigurationPlatforms) = preSolution
		Debug|Any CPU = Debug|Any CPU
		Release|Any CPU = Release|Any CPU
	EndGlobalSection
	GlobalSection(ProjectConfigurationPlatforms) = postSolution
		{1195C1E7-BA1B-4A48-A644-B29191DD3E7A}.Debug|Any CPU.ActiveCfg = Debug|Any CPU
		{1195C1E7-BA1B-4A48-A644-B29191DD3E7A}.Debug|Any CPU.Build.0 = Debug|Any CPU
		{1195C1E7-BA1B-4A48-A644-B29191DD3E7A}.Release|Any CPU.ActiveCfg = Release|Any CPU
		{1195C1E7-BA1B-4A48-A644-B29191DD3E7A}.Release|Any CPU.Build.0 = Release|Any CPU
		{A24DAC5A-038C-4515-BAB5-DE8BF8AFDC6F}.Debug|Any CPU.ActiveCfg = Debug|Any CPU
		{A24DAC5A-038C-4515-BAB5-DE8BF8AFDC6F}.Debug|Any CPU.Build.0 = Debug|Any CPU
		{A24DAC5A-038C-4515-BAB5-DE8BF8AFDC6F}.Release|Any CPU.ActiveCfg = Release|Any CPU
		{A24DAC5A-038C-4515-BAB5-DE8BF8AFDC6F}.Release|Any CPU.Build.0 = Release|Any CPU
		{349F6545-5478-47DA-A6D1-873153E4A929}.Debug|Any CPU.ActiveCfg = Debug|Any CPU
		{349F6545-5478-47DA-A6D1-873153E4A929}.Debug|Any CPU.Build.0 = Debug|Any CPU
		{349F6545-5478-47DA-A6D1-873153E4A929}.Release|Any CPU.ActiveCfg = Release|Any CPU
		{349F6545-5478-47DA-A6D1-873153E4A929}.Release|Any CPU.Build.0 = Release|Any CPU
		{229A7FEE-C117-4D43-AB24-410B11D0D878}.Debug|Any CPU.ActiveCfg = Debug|Any CPU
		{229A7FEE-C117-4D43-AB24-410B11D0D878}.Debug|Any CPU.Build.0 = Debug|Any CPU
		{229A7FEE-C117-4D43-AB24-410B11D0D878}.Release|Any CPU.ActiveCfg = Release|Any CPU
		{229A7FEE-C117-4D43-AB24-410B11D0D878}.Release|Any CPU.Build.0 = Release|Any CPU
		{6B141178-5FE9-43CD-870C-457C3A9925F9}.Debug|Any CPU.ActiveCfg = Debug|Any CPU
		{6B141178-5FE9-43CD-870C-457C3A9925F9}.Debug|Any CPU.Build.0 = Debug|Any CPU
		{6B141178-5FE9-43CD-870C-457C3A9925F9}.Release|Any CPU.ActiveCfg = Release|Any CPU
		{6B141178-5FE9-43CD-870C-457C3A9925F9}.Release|Any CPU.Build.0 = Release|Any CPU
		{5F0D051C-45A4-4D9B-8564-74C7CEC1D550}.Debug|Any CPU.ActiveCfg = Debug|Any CPU
		{5F0D051C-45A4-4D9B-8564-74C7CEC1D550}.Debug|Any CPU.Build.0 = Debug|Any CPU
		{5F0D051C-45A4-4D9B-8564-74C7CEC1D550}.Release|Any CPU.ActiveCfg = Release|Any CPU
		{5F0D051C-45A4-4D9B-8564-74C7CEC1D550}.Release|Any CPU.Build.0 = Release|Any CPU
		{75CF2247-A6C3-4CC5-846B-144B3A5D7BBB}.Debug|Any CPU.ActiveCfg = Debug|Any CPU
		{75CF2247-A6C3-4CC5-846B-144B3A5D7BBB}.Debug|Any CPU.Build.0 = Debug|Any CPU
		{75CF2247-A6C3-4CC5-846B-144B3A5D7BBB}.Release|Any CPU.ActiveCfg = Release|Any CPU
		{75CF2247-A6C3-4CC5-846B-144B3A5D7BBB}.Release|Any CPU.Build.0 = Release|Any CPU
		{70B52B28-385A-4917-9565-304BBADA809E}.Debug|Any CPU.ActiveCfg = Debug|Any CPU
		{70B52B28-385A-4917-9565-304BBADA809E}.Debug|Any CPU.Build.0 = Debug|Any CPU
		{70B52B28-385A-4917-9565-304BBADA809E}.Release|Any CPU.ActiveCfg = Release|Any CPU
		{70B52B28-385A-4917-9565-304BBADA809E}.Release|Any CPU.Build.0 = Release|Any CPU
	EndGlobalSection
	GlobalSection(SolutionProperties) = preSolution
		HideSolutionNode = FALSE
	EndGlobalSection
	GlobalSection(ExtensibilityGlobals) = postSolution
		SolutionGuid = {626E24F6-4D80-455A-BA7C-DBE1A65EC090}
	EndGlobalSection
EndGlobal
